// !$*UTF8*$!
{
	archiveVersion = 1;
	classes = {
	};
	objectVersion = 70;
	objects = {

/* Begin PBXBuildFile section */
		BA4C30010000000000000001 /* BarlineIntents.appex in Embed App Extensions */ = {isa = PBXBuildFile; fileRef = BA4C40010000000000000001 /* BarlineIntents.appex */; settings = {ATTRIBUTES = (RemoveHeadersOnCopy, ); }; };
		BA4C30020000000000000001 /* BarlineIntents.swift in Sources */ = {isa = PBXBuildFile; fileRef = BA4C40020000000000000001 /* BarlineIntents.swift */; };
		BA4C30030000000000000001 /* BarlineFixtureApp.swift in Sources */ = {isa = PBXBuildFile; fileRef = BA4C40060000000000000001 /* BarlineFixtureApp.swift */; };
		BA4C30040000000000000001 /* BarlineTests.swift in Sources */ = {isa = PBXBuildFile; fileRef = BA4C40080000000000000001 /* BarlineTests.swift */; };
		BA4C30050000000000000001 /* BarlineCore in Frameworks */ = {isa = PBXBuildFile; productRef = BA4C90010000000000000001 /* BarlineCore */; };
		BA4C30060000000000000001 /* BarlineIntegrationTests.swift in Sources */ = {isa = PBXBuildFile; fileRef = BA4C400A0000000000000001 /* BarlineIntegrationTests.swift */; };
		BA4C30070000000000000001 /* BarlineCore in Frameworks */ = {isa = PBXBuildFile; productRef = BA4C90020000000000000001 /* BarlineCore */; };
		BA4C30080000000000000001 /* BarlineUITests.swift in Sources */ = {isa = PBXBuildFile; fileRef = BA4C400C0000000000000001 /* BarlineUITests.swift */; };
		BA0000010000000000000001 /* BarlineCore in Frameworks */ = {isa = PBXBuildFile; productRef = BA0000010000000000000011 /* BarlineCore */; };
		BA0000010000000000000002 /* BarlineCore in Frameworks */ = {isa = PBXBuildFile; productRef = BA0000010000000000000012 /* BarlineCore */; };
		170423D92B56DE78004A2549 /* Sparkle in Frameworks */ = {isa = PBXBuildFile; productRef = 170423D82B56DE78004A2549 /* Sparkle */; };
		175061912B1543DD003144CD /* LaunchAtLogin in Frameworks */ = {isa = PBXBuildFile; productRef = 175061902B1543DD003144CD /* LaunchAtLogin */; };
		1787C4272B16890B002F50DF /* AXSwift in Frameworks */ = {isa = PBXBuildFile; productRef = 1787C4262B16890B002F50DF /* AXSwift */; };
		17F71BB52B880B4500905CBA /* CompactSlider in Frameworks */ = {isa = PBXBuildFile; productRef = 17F71BB42B880B4500905CBA /* CompactSlider */; };
		7168EE532E281CBC00FF9830 /* AXSwift in Frameworks */ = {isa = PBXBuildFile; productRef = 7168EE522E281CBC00FF9830 /* AXSwift */; };
		7188A68C2E27F9ED008F131D /* BarlineMenuService.xpc in Embed XPC Services */ = {isa = PBXBuildFile; fileRef = 7188A6832E27F9ED008F131D /* BarlineMenuService.xpc */; settings = {ATTRIBUTES = (RemoveHeadersOnCopy, ); }; };
/* End PBXBuildFile section */

/* Begin PBXContainerItemProxy section */
		BA4CA0010000000000000001 /* PBXContainerItemProxy */ = {isa = PBXContainerItemProxy; containerPortal = 716683222A767E6A006ABF84 /* Project object */; proxyType = 1; remoteGlobalIDString = BA4C20000000000000000001; remoteInfo = BarlineIntents; };
		BA4CA0020000000000000001 /* PBXContainerItemProxy */ = {isa = PBXContainerItemProxy; containerPortal = 716683222A767E6A006ABF84 /* Project object */; proxyType = 1; remoteGlobalIDString = BA4C20040000000000000001; remoteInfo = BarlineFixture; };
		7188A68A2E27F9ED008F131D /* PBXContainerItemProxy */ = {
			isa = PBXContainerItemProxy;
			containerPortal = 716683222A767E6A006ABF84 /* Project object */;
			proxyType = 1;
			remoteGlobalIDString = 7188A6822E27F9ED008F131D;
			remoteInfo = BarlineMenuService;
		};
/* End PBXContainerItemProxy section */

/* Begin PBXCopyFilesBuildPhase section */
		BA4C70010000000000000001 /* Embed App Extensions */ = {
			isa = PBXCopyFilesBuildPhase;
			buildActionMask = 2147483647;
			dstPath = "$(EXTENSIONS_FOLDER_PATH)";
			dstSubfolderSpec = 16;
			files = (
				BA4C30010000000000000001 /* BarlineIntents.appex in Embed App Extensions */,
			);
			name = "Embed App Extensions";
			runOnlyForDeploymentPostprocessing = 0;
		};
		7188A68D2E27F9ED008F131D /* Embed XPC Services */ = {
			isa = PBXCopyFilesBuildPhase;
			buildActionMask = 2147483647;
			dstPath = "$(CONTENTS_FOLDER_PATH)/XPCServices";
			dstSubfolderSpec = 16;
			files = (
				7188A68C2E27F9ED008F131D /* BarlineMenuService.xpc in Embed XPC Services */,
			);
			name = "Embed XPC Services";
			runOnlyForDeploymentPostprocessing = 0;
		};
/* End PBXCopyFilesBuildPhase section */

/* Begin PBXFileReference section */
		BA4C40010000000000000001 /* BarlineIntents.appex */ = {isa = PBXFileReference; explicitFileType = "wrapper.extensionkit-extension"; includeInIndex = 0; path = BarlineIntents.appex; sourceTree = BUILT_PRODUCTS_DIR; };
		BA4C40020000000000000001 /* BarlineIntents.swift */ = {isa = PBXFileReference; lastKnownFileType = sourcecode.swift; path = BarlineIntents.swift; sourceTree = "<group>"; };
		BA4C40030000000000000001 /* Info.plist */ = {isa = PBXFileReference; lastKnownFileType = text.plist.xml; path = Info.plist; sourceTree = "<group>"; };
		BA4C40040000000000000001 /* BarlineIntents.entitlements */ = {isa = PBXFileReference; lastKnownFileType = text.plist.entitlements; path = BarlineIntents.entitlements; sourceTree = "<group>"; };
		BA4C40050000000000000001 /* BarlineFixture.app */ = {isa = PBXFileReference; explicitFileType = wrapper.application; includeInIndex = 0; path = BarlineFixture.app; sourceTree = BUILT_PRODUCTS_DIR; };
		BA4C40060000000000000001 /* BarlineFixtureApp.swift */ = {isa = PBXFileReference; lastKnownFileType = sourcecode.swift; path = BarlineFixtureApp.swift; sourceTree = "<group>"; };
		BA4C40070000000000000001 /* BarlineTests.xctest */ = {isa = PBXFileReference; explicitFileType = wrapper.cfbundle; includeInIndex = 0; path = BarlineTests.xctest; sourceTree = BUILT_PRODUCTS_DIR; };
		BA4C40080000000000000001 /* BarlineTests.swift */ = {isa = PBXFileReference; lastKnownFileType = sourcecode.swift; path = BarlineTests.swift; sourceTree = "<group>"; };
		BA4C40090000000000000001 /* BarlineIntegrationTests.xctest */ = {isa = PBXFileReference; explicitFileType = wrapper.cfbundle; includeInIndex = 0; path = BarlineIntegrationTests.xctest; sourceTree = BUILT_PRODUCTS_DIR; };
		BA4C400A0000000000000001 /* BarlineIntegrationTests.swift */ = {isa = PBXFileReference; lastKnownFileType = sourcecode.swift; path = BarlineIntegrationTests.swift; sourceTree = "<group>"; };
		BA4C400B0000000000000001 /* BarlineUITests.xctest */ = {isa = PBXFileReference; explicitFileType = wrapper.cfbundle; includeInIndex = 0; path = BarlineUITests.xctest; sourceTree = BUILT_PRODUCTS_DIR; };
		BA4C400C0000000000000001 /* BarlineUITests.swift */ = {isa = PBXFileReference; lastKnownFileType = sourcecode.swift; path = BarlineUITests.swift; sourceTree = "<group>"; };
		BA4C400D0000000000000001 /* Barline.xctestplan */ = {isa = PBXFileReference; lastKnownFileType = text; path = Barline.xctestplan; sourceTree = "<group>"; };
		B4A110022F00000100BAA001 /* Base.xcconfig */ = {isa = PBXFileReference; lastKnownFileType = text.xcconfig; path = Base.xcconfig; sourceTree = "<group>"; };
		B4A110032F00000100BAA001 /* Debug.xcconfig */ = {isa = PBXFileReference; lastKnownFileType = text.xcconfig; path = Debug.xcconfig; sourceTree = "<group>"; };
		B4A110042F00000100BAA001 /* Release.xcconfig */ = {isa = PBXFileReference; lastKnownFileType = text.xcconfig; path = Release.xcconfig; sourceTree = "<group>"; };
		B4A110052F00000100BAA001 /* Local.example.xcconfig */ = {isa = PBXFileReference; lastKnownFileType = text.xcconfig; path = Local.example.xcconfig; sourceTree = "<group>"; };
		7166832A2A767E6A006ABF84 /* Barline.app */ = {isa = PBXFileReference; explicitFileType = wrapper.application; includeInIndex = 0; path = Barline.app; sourceTree = BUILT_PRODUCTS_DIR; };
		7188A6832E27F9ED008F131D /* BarlineMenuService.xpc */ = {isa = PBXFileReference; explicitFileType = "wrapper.xpc-service"; includeInIndex = 0; path = BarlineMenuService.xpc; sourceTree = BUILT_PRODUCTS_DIR; };
/* End PBXFileReference section */

/* Begin PBXFileSystemSynchronizedBuildFileExceptionSet section */
		7188A6912E27F9ED008F131D /* PBXFileSystemSynchronizedBuildFileExceptionSet */ = {
			isa = PBXFileSystemSynchronizedBuildFileExceptionSet;
			membershipExceptions = (
				Resources/Info.plist,
			);
			target = 7188A6822E27F9ED008F131D /* BarlineMenuService */;
		};
		71BDFC6C2C978E2A00EF145F /* PBXFileSystemSynchronizedBuildFileExceptionSet */ = {
			isa = PBXFileSystemSynchronizedBuildFileExceptionSet;
			membershipExceptions = (
				Resources/Acknowledgements.rtf,
				Resources/Info.plist,
			);
			target = 716683292A767E6A006ABF84 /* Barline */;
		};
/* End PBXFileSystemSynchronizedBuildFileExceptionSet section */

/* Begin PBXFileSystemSynchronizedRootGroup section */
		7188A6842E27F9ED008F131D /* BarlineMenuService */ = {isa = PBXFileSystemSynchronizedRootGroup; exceptions = (7188A6912E27F9ED008F131D /* PBXFileSystemSynchronizedBuildFileExceptionSet */, ); explicitFileTypes = {}; explicitFolders = (); path = BarlineMenuService; sourceTree = "<group>"; };
		7188A69E2E280BB4008F131D /* Shared */ = {isa = PBXFileSystemSynchronizedRootGroup; exceptions = (); explicitFileTypes = {}; explicitFolders = (); path = Shared; sourceTree = "<group>"; };
		71BDFBE12C978E2A00EF145F /* Barline */ = {isa = PBXFileSystemSynchronizedRootGroup; exceptions = (71BDFC6C2C978E2A00EF145F /* PBXFileSystemSynchronizedBuildFileExceptionSet */, ); explicitFileTypes = {}; explicitFolders = (); path = Barline; sourceTree = "<group>"; };
/* End PBXFileSystemSynchronizedRootGroup section */

/* Begin PBXFrameworksBuildPhase section */
		BA4C60010000000000000001 /* Frameworks */ = {isa = PBXFrameworksBuildPhase; buildActionMask = 2147483647; files = (); runOnlyForDeploymentPostprocessing = 0; };
		BA4C60020000000000000001 /* Frameworks */ = {isa = PBXFrameworksBuildPhase; buildActionMask = 2147483647; files = (); runOnlyForDeploymentPostprocessing = 0; };
		BA4C60030000000000000001 /* Frameworks */ = {isa = PBXFrameworksBuildPhase; buildActionMask = 2147483647; files = (BA4C30050000000000000001 /* BarlineCore in Frameworks */, ); runOnlyForDeploymentPostprocessing = 0; };
		BA4C60040000000000000001 /* Frameworks */ = {isa = PBXFrameworksBuildPhase; buildActionMask = 2147483647; files = (BA4C30070000000000000001 /* BarlineCore in Frameworks */, ); runOnlyForDeploymentPostprocessing = 0; };
		BA4C60050000000000000001 /* Frameworks */ = {isa = PBXFrameworksBuildPhase; buildActionMask = 2147483647; files = (); runOnlyForDeploymentPostprocessing = 0; };
		716683272A767E6A006ABF84 /* Frameworks */ = {
			isa = PBXFrameworksBuildPhase;
			buildActionMask = 2147483647;
			files = (
				BA0000010000000000000001 /* BarlineCore in Frameworks */,
				170423D92B56DE78004A2549 /* Sparkle in Frameworks */,
				175061912B1543DD003144CD /* LaunchAtLogin in Frameworks */,
				1787C4272B16890B002F50DF /* AXSwift in Frameworks */,
				17F71BB52B880B4500905CBA /* CompactSlider in Frameworks */,
			);
			runOnlyForDeploymentPostprocessing = 0;
		};
		7188A6802E27F9ED008F131D /* Frameworks */ = {
			isa = PBXFrameworksBuildPhase;
			buildActionMask = 2147483647;
			files = (
				BA0000010000000000000002 /* BarlineCore in Frameworks */,
				7168EE532E281CBC00FF9830 /* AXSwift in Frameworks */,
			);
			runOnlyForDeploymentPostprocessing = 0;
		};
/* End PBXFrameworksBuildPhase section */

/* Begin PBXGroup section */
		716683212A767E6A006ABF84 = {
			isa = PBXGroup;
			children = (
				BA4C400D0000000000000001 /* Barline.xctestplan */,
				B4A110012F00000100BAA001 /* Config */,
				7188A69E2E280BB4008F131D /* Shared */,
				71BDFBE12C978E2A00EF145F /* Barline */,
				7188A6842E27F9ED008F131D /* BarlineMenuService */,
				BA4C50010000000000000001 /* BarlineIntents */,
				BA4C50020000000000000001 /* BarlineFixture */,
				BA4C50030000000000000001 /* BarlineTests */,
				BA4C50040000000000000001 /* BarlineIntegrationTests */,
				BA4C50050000000000000001 /* BarlineUITests */,
				7166832B2A767E6A006ABF84 /* Products */,
			);
			sourceTree = "<group>";
		};
		B4A110012F00000100BAA001 /* Config */ = {
			isa = PBXGroup;
			children = (
				B4A110022F00000100BAA001 /* Base.xcconfig */,
				B4A110032F00000100BAA001 /* Debug.xcconfig */,
				B4A110042F00000100BAA001 /* Release.xcconfig */,
				B4A110052F00000100BAA001 /* Local.example.xcconfig */,
			);
			path = Config;
			sourceTree = "<group>";
		};
		7166832B2A767E6A006ABF84 /* Products */ = {
			isa = PBXGroup;
			children = (
				7166832A2A767E6A006ABF84 /* Barline.app */,
				7188A6832E27F9ED008F131D /* BarlineMenuService.xpc */,
				BA4C40010000000000000001 /* BarlineIntents.appex */,
				BA4C40050000000000000001 /* BarlineFixture.app */,
				BA4C40070000000000000001 /* BarlineTests.xctest */,
				BA4C40090000000000000001 /* BarlineIntegrationTests.xctest */,
				BA4C400B0000000000000001 /* BarlineUITests.xctest */,
			);
			name = Products;
			sourceTree = "<group>";
		};
		BA4C50010000000000000001 /* BarlineIntents */ = {isa = PBXGroup; children = (BA4C40020000000000000001 /* BarlineIntents.swift */, BA4C40030000000000000001 /* Info.plist */, BA4C40040000000000000001 /* BarlineIntents.entitlements */, ); path = BarlineIntents; sourceTree = "<group>"; };
		BA4C50020000000000000001 /* BarlineFixture */ = {isa = PBXGroup; children = (BA4C40060000000000000001 /* BarlineFixtureApp.swift */, ); path = BarlineFixture; sourceTree = "<group>"; };
		BA4C50030000000000000001 /* BarlineTests */ = {isa = PBXGroup; children = (BA4C40080000000000000001 /* BarlineTests.swift */, ); path = BarlineTests; sourceTree = "<group>"; };
		BA4C50040000000000000001 /* BarlineIntegrationTests */ = {isa = PBXGroup; children = (BA4C400A0000000000000001 /* BarlineIntegrationTests.swift */, ); path = BarlineIntegrationTests; sourceTree = "<group>"; };
		BA4C50050000000000000001 /* BarlineUITests */ = {isa = PBXGroup; children = (BA4C400C0000000000000001 /* BarlineUITests.swift */, ); path = BarlineUITests; sourceTree = "<group>"; };
/* End PBXGroup section */

/* Begin PBXNativeTarget section */
		716683292A767E6A006ABF84 /* Barline */ = {
			isa = PBXNativeTarget;
			buildConfigurationList = 716683392A767E6B006ABF84 /* Build configuration list for PBXNativeTarget "Barline" */;
			buildPhases = (
				716683262A767E6A006ABF84 /* Sources */,
				716683272A767E6A006ABF84 /* Frameworks */,
				716683282A767E6A006ABF84 /* Resources */,
				1720D48F2BB9B60500A7AC63 /* SwiftLint */,
				7188A68D2E27F9ED008F131D /* Embed XPC Services */,
				BA4C70010000000000000001 /* Embed App Extensions */,
			);
			buildRules = (
			);
			dependencies = (
				7188A68B2E27F9ED008F131D /* PBXTargetDependency */,
				BA4CA1010000000000000001 /* PBXTargetDependency */,
			);
			fileSystemSynchronizedGroups = (
				7188A69E2E280BB4008F131D /* Shared */,
				71BDFBE12C978E2A00EF145F /* Barline */,
			);
			name = Barline;
			packageProductDependencies = (
				BA0000010000000000000011 /* BarlineCore */,
				175061902B1543DD003144CD /* LaunchAtLogin */,
				1787C4262B16890B002F50DF /* AXSwift */,
				170423D82B56DE78004A2549 /* Sparkle */,
				17F71BB42B880B4500905CBA /* CompactSlider */,
			);
			productName = Barline;
			productReference = 7166832A2A767E6A006ABF84 /* Barline.app */;
			productType = "com.apple.product-type.application";
		};
		7188A6822E27F9ED008F131D /* BarlineMenuService */ = {
			isa = PBXNativeTarget;
			buildConfigurationList = 7188A6902E27F9ED008F131D /* Build configuration list for PBXNativeTarget "BarlineMenuService" */;
			buildPhases = (
				7188A67F2E27F9ED008F131D /* Sources */,
				7188A6802E27F9ED008F131D /* Frameworks */,
				7188A6812E27F9ED008F131D /* Resources */,
			);
			buildRules = (
			);
			dependencies = (
			);
			fileSystemSynchronizedGroups = (
				7188A6842E27F9ED008F131D /* BarlineMenuService */,
				7188A69E2E280BB4008F131D /* Shared */,
			);
			name = BarlineMenuService;
			packageProductDependencies = (
				BA0000010000000000000012 /* BarlineCore */,
				7168EE522E281CBC00FF9830 /* AXSwift */,
			);
			productName = BarlineMenuService;
			productReference = 7188A6832E27F9ED008F131D /* BarlineMenuService.xpc */;
			productType = "com.apple.product-type.xpc-service";
		};
		BA4C20000000000000000001 /* BarlineIntents */ = {
			isa = PBXNativeTarget;
			buildConfigurationList = BA4C80010000000000000001 /* Build configuration list for PBXNativeTarget "BarlineIntents" */;
			buildPhases = (BA4C61010000000000000001 /* Sources */, BA4C60010000000000000001 /* Frameworks */, BA4C62010000000000000001 /* Resources */, );
			buildRules = ();
			dependencies = ();
			name = BarlineIntents;
			packageProductDependencies = ();
			productName = BarlineIntents;
			productReference = BA4C40010000000000000001 /* BarlineIntents.appex */;
			productType = "com.apple.product-type.extensionkit-extension";
		};
		BA4C20040000000000000001 /* BarlineFixture */ = {
			isa = PBXNativeTarget;
			buildConfigurationList = BA4C80020000000000000001 /* Build configuration list for PBXNativeTarget "BarlineFixture" */;
			buildPhases = (BA4C61020000000000000001 /* Sources */, BA4C60020000000000000001 /* Frameworks */, BA4C62020000000000000001 /* Resources */, );
			buildRules = ();
			dependencies = ();
			name = BarlineFixture;
			packageProductDependencies = ();
			productName = BarlineFixture;
			productReference = BA4C40050000000000000001 /* BarlineFixture.app */;
			productType = "com.apple.product-type.application";
		};
		BA4C20010000000000000001 /* BarlineTests */ = {
			isa = PBXNativeTarget;
			buildConfigurationList = BA4C80030000000000000001 /* Build configuration list for PBXNativeTarget "BarlineTests" */;
			buildPhases = (BA4C61030000000000000001 /* Sources */, BA4C60030000000000000001 /* Frameworks */, BA4C62030000000000000001 /* Resources */, );
			buildRules = ();
			dependencies = ();
			name = BarlineTests;
			packageProductDependencies = (BA4C90010000000000000001 /* BarlineCore */, );
			productName = BarlineTests;
			productReference = BA4C40070000000000000001 /* BarlineTests.xctest */;
			productType = "com.apple.product-type.bundle.unit-test";
		};
		BA4C20020000000000000001 /* BarlineIntegrationTests */ = {
			isa = PBXNativeTarget;
			buildConfigurationList = BA4C80040000000000000001 /* Build configuration list for PBXNativeTarget "BarlineIntegrationTests" */;
			buildPhases = (BA4C61040000000000000001 /* Sources */, BA4C60040000000000000001 /* Frameworks */, BA4C62040000000000000001 /* Resources */, );
			buildRules = ();
			dependencies = ();
			name = BarlineIntegrationTests;
			packageProductDependencies = (BA4C90020000000000000001 /* BarlineCore */, );
			productName = BarlineIntegrationTests;
			productReference = BA4C40090000000000000001 /* BarlineIntegrationTests.xctest */;
			productType = "com.apple.product-type.bundle.unit-test";
		};
		BA4C20030000000000000001 /* BarlineUITests */ = {
			isa = PBXNativeTarget;
			buildConfigurationList = BA4C80050000000000000001 /* Build configuration list for PBXNativeTarget "BarlineUITests" */;
			buildPhases = (BA4C61050000000000000001 /* Sources */, BA4C60050000000000000001 /* Frameworks */, BA4C62050000000000000001 /* Resources */, );
			buildRules = ();
			dependencies = (BA4CA1020000000000000001 /* PBXTargetDependency */, );
			name = BarlineUITests;
			packageProductDependencies = ();
			productName = BarlineUITests;
			productReference = BA4C400B0000000000000001 /* BarlineUITests.xctest */;
			productType = "com.apple.product-type.bundle.ui-testing";
		};
/* End PBXNativeTarget section */

/* Begin PBXProject section */
		716683222A767E6A006ABF84 /* Project object */ = {
			isa = PBXProject;
			attributes = {
				BuildIndependentTargetsInParallel = 1;
				LastSwiftUpdateCheck = 2600;
				LastUpgradeCheck = 2600;
				TargetAttributes = {
					BA4C20000000000000000001 = {CreatedOnToolsVersion = 26.0; };
					BA4C20010000000000000001 = {CreatedOnToolsVersion = 26.0; TestTargetID = 716683292A767E6A006ABF84; };
					BA4C20020000000000000001 = {CreatedOnToolsVersion = 26.0; TestTargetID = 716683292A767E6A006ABF84; };
					BA4C20030000000000000001 = {CreatedOnToolsVersion = 26.0; TestTargetID = BA4C20040000000000000001; };
					BA4C20040000000000000001 = {CreatedOnToolsVersion = 26.0; };
					716683292A767E6A006ABF84 = {
						CreatedOnToolsVersion = 14.3.1;
					};
					7188A6822E27F9ED008F131D = {
						CreatedOnToolsVersion = 26.0;
					};
				};
			};
			buildConfigurationList = 716683252A767E6A006ABF84 /* Build configuration list for PBXProject "Barline" */;
			compatibilityVersion = "Xcode 14.0";
			developmentRegion = en;
			hasScannedForEncodings = 0;
			knownRegions = (
				en,
				Base,
			);
			mainGroup = 716683212A767E6A006ABF84;
			packageReferences = (
				BA0000010000000000000010 /* XCLocalSwiftPackageReference "BarlineCore" */,
				1750618F2B1543DD003144CD /* XCRemoteSwiftPackageReference "LaunchAtLogin-Modern" */,
				1787C4252B16890B002F50DF /* XCRemoteSwiftPackageReference "AXSwift" */,
				170423D72B56DE78004A2549 /* XCRemoteSwiftPackageReference "Sparkle" */,
				17F71BB32B880B4500905CBA /* XCRemoteSwiftPackageReference "CompactSlider" */,
			);
			productRefGroup = 7166832B2A767E6A006ABF84 /* Products */;
			projectDirPath = "";
			projectRoot = "";
			targets = (
				716683292A767E6A006ABF84 /* Barline */,
				7188A6822E27F9ED008F131D /* BarlineMenuService */,
				BA4C20000000000000000001 /* BarlineIntents */,
				BA4C20040000000000000001 /* BarlineFixture */,
				BA4C20010000000000000001 /* BarlineTests */,
				BA4C20020000000000000001 /* BarlineIntegrationTests */,
				BA4C20030000000000000001 /* BarlineUITests */,
			);
		};
/* End PBXProject section */

/* Begin PBXResourcesBuildPhase section */
		BA4C62010000000000000001 /* Resources */ = {isa = PBXResourcesBuildPhase; buildActionMask = 2147483647; files = (); runOnlyForDeploymentPostprocessing = 0; };
		BA4C62020000000000000001 /* Resources */ = {isa = PBXResourcesBuildPhase; buildActionMask = 2147483647; files = (); runOnlyForDeploymentPostprocessing = 0; };
		BA4C62030000000000000001 /* Resources */ = {isa = PBXResourcesBuildPhase; buildActionMask = 2147483647; files = (); runOnlyForDeploymentPostprocessing = 0; };
		BA4C62040000000000000001 /* Resources */ = {isa = PBXResourcesBuildPhase; buildActionMask = 2147483647; files = (); runOnlyForDeploymentPostprocessing = 0; };
		BA4C62050000000000000001 /* Resources */ = {isa = PBXResourcesBuildPhase; buildActionMask = 2147483647; files = (); runOnlyForDeploymentPostprocessing = 0; };
		716683282A767E6A006ABF84 /* Resources */ = {
			isa = PBXResourcesBuildPhase;
			buildActionMask = 2147483647;
			files = (
			);
			runOnlyForDeploymentPostprocessing = 0;
		};
		7188A6812E27F9ED008F131D /* Resources */ = {
			isa = PBXResourcesBuildPhase;
			buildActionMask = 2147483647;
			files = (
			);
			runOnlyForDeploymentPostprocessing = 0;
		};
/* End PBXResourcesBuildPhase section */

/* Begin PBXShellScriptBuildPhase section */
		1720D48F2BB9B60500A7AC63 /* SwiftLint */ = {
			isa = PBXShellScriptBuildPhase;
			alwaysOutOfDate = 1;
			buildActionMask = 2147483647;
			files = (
			);
			inputFileListPaths = (
			);
			inputPaths = (
			);
			name = SwiftLint;
			outputFileListPaths = (
			);
			outputPaths = (
			);
			runOnlyForDeploymentPostprocessing = 0;
			shellPath = /bin/sh;
			shellScript = "if [[ \"$(uname -m)\" == arm64 ]]; then\n    export PATH=\"/opt/homebrew/bin:$PATH\"\nfi\n\nif which swiftlint > /dev/null; then\n  swiftlint\nelse\n  echo \"warning: SwiftLint not installed, download from https://github.com/realm/SwiftLint\"\nfi\n";
		};
/* End PBXShellScriptBuildPhase section */

/* Begin PBXSourcesBuildPhase section */
		BA4C61010000000000000001 /* Sources */ = {isa = PBXSourcesBuildPhase; buildActionMask = 2147483647; files = (BA4C30020000000000000001 /* BarlineIntents.swift in Sources */, ); runOnlyForDeploymentPostprocessing = 0; };
		BA4C61020000000000000001 /* Sources */ = {isa = PBXSourcesBuildPhase; buildActionMask = 2147483647; files = (BA4C30030000000000000001 /* BarlineFixtureApp.swift in Sources */, ); runOnlyForDeploymentPostprocessing = 0; };
		BA4C61030000000000000001 /* Sources */ = {isa = PBXSourcesBuildPhase; buildActionMask = 2147483647; files = (BA4C30040000000000000001 /* BarlineTests.swift in Sources */, ); runOnlyForDeploymentPostprocessing = 0; };
		BA4C61040000000000000001 /* Sources */ = {isa = PBXSourcesBuildPhase; buildActionMask = 2147483647; files = (BA4C30060000000000000001 /* BarlineIntegrationTests.swift in Sources */, ); runOnlyForDeploymentPostprocessing = 0; };
		BA4C61050000000000000001 /* Sources */ = {isa = PBXSourcesBuildPhase; buildActionMask = 2147483647; files = (BA4C30080000000000000001 /* BarlineUITests.swift in Sources */, ); runOnlyForDeploymentPostprocessing = 0; };
		716683262A767E6A006ABF84 /* Sources */ = {
			isa = PBXSourcesBuildPhase;
			buildActionMask = 2147483647;
			files = (
			);
			runOnlyForDeploymentPostprocessing = 0;
		};
		7188A67F2E27F9ED008F131D /* Sources */ = {
			isa = PBXSourcesBuildPhase;
			buildActionMask = 2147483647;
			files = (
			);
			runOnlyForDeploymentPostprocessing = 0;
		};
/* End PBXSourcesBuildPhase section */

/* Begin PBXTargetDependency section */
		BA4CA1010000000000000001 /* PBXTargetDependency */ = {isa = PBXTargetDependency; target = BA4C20000000000000000001 /* BarlineIntents */; targetProxy = BA4CA0010000000000000001 /* PBXContainerItemProxy */; };
		BA4CA1020000000000000001 /* PBXTargetDependency */ = {isa = PBXTargetDependency; target = BA4C20040000000000000001 /* BarlineFixture */; targetProxy = BA4CA0020000000000000001 /* PBXContainerItemProxy */; };
		7188A68B2E27F9ED008F131D /* PBXTargetDependency */ = {
			isa = PBXTargetDependency;
			target = 7188A6822E27F9ED008F131D /* BarlineMenuService */;
			targetProxy = 7188A68A2E27F9ED008F131D /* PBXContainerItemProxy */;
		};
/* End PBXTargetDependency section */

/* Begin XCBuildConfiguration section */
		BA4C81010000000000000001 /* Debug */ = {isa = XCBuildConfiguration; buildSettings = {APPLICATION_EXTENSION_API_ONLY = YES; CODE_SIGN_ENTITLEMENTS = BarlineIntents/BarlineIntents.entitlements; CURRENT_PROJECT_VERSION = 125; ENABLE_APP_SANDBOX = YES; GENERATE_INFOPLIST_FILE = NO; INFOPLIST_FILE = BarlineIntents/Info.plist; LD_RUNPATH_SEARCH_PATHS = ("$(inherited)", "@executable_path/../Frameworks", "@executable_path/../../../../Frameworks", ); MARKETING_VERSION = 1.0.48; PRODUCT_BUNDLE_IDENTIFIER = "$(BARLINE_INTENTS_BUNDLE_IDENTIFIER)"; PRODUCT_NAME = "$(TARGET_NAME)"; SKIP_INSTALL = YES; }; name = Debug; };
		BA4C81020000000000000001 /* Release */ = {isa = XCBuildConfiguration; buildSettings = {APPLICATION_EXTENSION_API_ONLY = YES; CODE_SIGN_ENTITLEMENTS = BarlineIntents/BarlineIntents.entitlements; CURRENT_PROJECT_VERSION = 125; ENABLE_APP_SANDBOX = YES; GENERATE_INFOPLIST_FILE = NO; INFOPLIST_FILE = BarlineIntents/Info.plist; LD_RUNPATH_SEARCH_PATHS = ("$(inherited)", "@executable_path/../Frameworks", "@executable_path/../../../../Frameworks", ); MARKETING_VERSION = 1.0.48; PRODUCT_BUNDLE_IDENTIFIER = "$(BARLINE_INTENTS_BUNDLE_IDENTIFIER)"; PRODUCT_NAME = "$(TARGET_NAME)"; PROVISIONING_PROFILE_SPECIFIER = "$(BARLINE_INTENTS_PROVISIONING_PROFILE_SPECIFIER)"; SKIP_INSTALL = YES; }; name = Release; };
		BA4C81030000000000000001 /* Debug */ = {isa = XCBuildConfiguration; buildSettings = {CURRENT_PROJECT_VERSION = 1; ENABLE_APP_SANDBOX = NO; GENERATE_INFOPLIST_FILE = YES; INFOPLIST_KEY_CFBundleDisplayName = "Barline Fixture"; INFOPLIST_KEY_LSApplicationCategoryType = "public.app-category.developer-tools"; MARKETING_VERSION = 1.0; PRODUCT_BUNDLE_IDENTIFIER = com.mabryventures.Barline.Fixture; PRODUCT_NAME = "$(TARGET_NAME)"; }; name = Debug; };
		BA4C81040000000000000001 /* Release */ = {isa = XCBuildConfiguration; buildSettings = {CURRENT_PROJECT_VERSION = 1; ENABLE_APP_SANDBOX = NO; GENERATE_INFOPLIST_FILE = YES; INFOPLIST_KEY_CFBundleDisplayName = "Barline Fixture"; INFOPLIST_KEY_LSApplicationCategoryType = "public.app-category.developer-tools"; MARKETING_VERSION = 1.0; PRODUCT_BUNDLE_IDENTIFIER = com.mabryventures.Barline.Fixture; PRODUCT_NAME = "$(TARGET_NAME)"; }; name = Release; };
		BA4C81050000000000000001 /* Debug */ = {isa = XCBuildConfiguration; buildSettings = {GENERATE_INFOPLIST_FILE = YES; PRODUCT_BUNDLE_IDENTIFIER = com.mabryventures.Barline.Tests; PRODUCT_NAME = "$(TARGET_NAME)"; }; name = Debug; };
		BA4C81060000000000000001 /* Release */ = {isa = XCBuildConfiguration; buildSettings = {GENERATE_INFOPLIST_FILE = YES; PRODUCT_BUNDLE_IDENTIFIER = com.mabryventures.Barline.Tests; PRODUCT_NAME = "$(TARGET_NAME)"; }; name = Release; };
		BA4C81070000000000000001 /* Debug */ = {isa = XCBuildConfiguration; buildSettings = {GENERATE_INFOPLIST_FILE = YES; PRODUCT_BUNDLE_IDENTIFIER = com.mabryventures.Barline.IntegrationTests; PRODUCT_NAME = "$(TARGET_NAME)"; }; name = Debug; };
		BA4C81080000000000000001 /* Release */ = {isa = XCBuildConfiguration; buildSettings = {GENERATE_INFOPLIST_FILE = YES; PRODUCT_BUNDLE_IDENTIFIER = com.mabryventures.Barline.IntegrationTests; PRODUCT_NAME = "$(TARGET_NAME)"; }; name = Release; };
		BA4C81090000000000000001 /* Debug */ = {isa = XCBuildConfiguration; buildSettings = {GENERATE_INFOPLIST_FILE = YES; PRODUCT_BUNDLE_IDENTIFIER = com.mabryventures.Barline.UITests; PRODUCT_NAME = "$(TARGET_NAME)"; TEST_TARGET_NAME = BarlineFixture; }; name = Debug; };
		BA4C810A0000000000000001 /* Release */ = {isa = XCBuildConfiguration; buildSettings = {GENERATE_INFOPLIST_FILE = YES; PRODUCT_BUNDLE_IDENTIFIER = com.mabryventures.Barline.UITests; PRODUCT_NAME = "$(TARGET_NAME)"; TEST_TARGET_NAME = BarlineFixture; }; name = Release; };
		716683372A767E6B006ABF84 /* Debug */ = {
			isa = XCBuildConfiguration;
			baseConfigurationReference = B4A110032F00000100BAA001 /* Debug.xcconfig */;
			buildSettings = {
				ALWAYS_SEARCH_USER_PATHS = NO;
				ASSETCATALOG_COMPILER_GENERATE_SWIFT_ASSET_SYMBOL_EXTENSIONS = YES;
				CLANG_ANALYZER_NONNULL = YES;
				CLANG_ANALYZER_NUMBER_OBJECT_CONVERSION = YES_AGGRESSIVE;
				CLANG_CXX_LANGUAGE_STANDARD = "gnu++20";
				CLANG_ENABLE_MODULES = YES;
				CLANG_ENABLE_OBJC_ARC = YES;
				CLANG_ENABLE_OBJC_WEAK = YES;
				CLANG_WARN_BLOCK_CAPTURE_AUTORELEASING = YES;
				CLANG_WARN_BOOL_CONVERSION = YES;
				CLANG_WARN_COMMA = YES;
				CLANG_WARN_CONSTANT_CONVERSION = YES;
				CLANG_WARN_DEPRECATED_OBJC_IMPLEMENTATIONS = YES;
				CLANG_WARN_DIRECT_OBJC_ISA_USAGE = YES_ERROR;
				CLANG_WARN_DOCUMENTATION_COMMENTS = YES;
				CLANG_WARN_EMPTY_BODY = YES;
				CLANG_WARN_ENUM_CONVERSION = YES;
				CLANG_WARN_INFINITE_RECURSION = YES;
				CLANG_WARN_INT_CONVERSION = YES;
				CLANG_WARN_NON_LITERAL_NULL_CONVERSION = YES;
				CLANG_WARN_OBJC_IMPLICIT_RETAIN_SELF = YES;
				CLANG_WARN_OBJC_LITERAL_CONVERSION = YES;
				CLANG_WARN_OBJC_ROOT_CLASS = YES_ERROR;
				CLANG_WARN_QUOTED_INCLUDE_IN_FRAMEWORK_HEADER = YES;
				CLANG_WARN_RANGE_LOOP_ANALYSIS = YES;
				CLANG_WARN_STRICT_PROTOTYPES = YES;
				CLANG_WARN_SUSPICIOUS_MOVE = YES;
				CLANG_WARN_UNGUARDED_AVAILABILITY = YES_AGGRESSIVE;
				CLANG_WARN_UNREACHABLE_CODE = YES;
				CLANG_WARN__DUPLICATE_METHOD_MATCH = YES;
				COPY_PHASE_STRIP = NO;
				DEAD_CODE_STRIPPING = YES;
				DEBUG_INFORMATION_FORMAT = dwarf;
				ENABLE_STRICT_OBJC_MSGSEND = YES;
				ENABLE_TESTABILITY = YES;
				ENABLE_USER_SCRIPT_SANDBOXING = YES;
				GCC_C_LANGUAGE_STANDARD = gnu11;
				GCC_DYNAMIC_NO_PIC = NO;
				GCC_NO_COMMON_BLOCKS = YES;
				GCC_OPTIMIZATION_LEVEL = 0;
				GCC_PREPROCESSOR_DEFINITIONS = (
					"DEBUG=1",
					"$(inherited)",
				);
				GCC_WARN_64_TO_32_BIT_CONVERSION = YES;
				GCC_WARN_ABOUT_RETURN_TYPE = YES_ERROR;
				GCC_WARN_UNDECLARED_SELECTOR = YES;
				GCC_WARN_UNINITIALIZED_AUTOS = YES_AGGRESSIVE;
				GCC_WARN_UNUSED_FUNCTION = YES;
				GCC_WARN_UNUSED_VARIABLE = YES;
				MTL_ENABLE_DEBUG_INFO = INCLUDE_SOURCE;
				MTL_FAST_MATH = YES;
				ONLY_ACTIVE_ARCH = YES;
				SDKROOT = macosx;
				STRING_CATALOG_GENERATE_SYMBOLS = YES;
				SWIFT_ACTIVE_COMPILATION_CONDITIONS = DEBUG;
				SWIFT_OPTIMIZATION_LEVEL = "-Onone";
			};
			name = Debug;
		};
		716683382A767E6B006ABF84 /* Release */ = {
			isa = XCBuildConfiguration;
			baseConfigurationReference = B4A110042F00000100BAA001 /* Release.xcconfig */;
			buildSettings = {
				ALWAYS_SEARCH_USER_PATHS = NO;
				ASSETCATALOG_COMPILER_GENERATE_SWIFT_ASSET_SYMBOL_EXTENSIONS = YES;
				CLANG_ANALYZER_NONNULL = YES;
				CLANG_ANALYZER_NUMBER_OBJECT_CONVERSION = YES_AGGRESSIVE;
				CLANG_CXX_LANGUAGE_STANDARD = "gnu++20";
				CLANG_ENABLE_MODULES = YES;
				CLANG_ENABLE_OBJC_ARC = YES;
				CLANG_ENABLE_OBJC_WEAK = YES;
				CLANG_WARN_BLOCK_CAPTURE_AUTORELEASING = YES;
				CLANG_WARN_BOOL_CONVERSION = YES;
				CLANG_WARN_COMMA = YES;
				CLANG_WARN_CONSTANT_CONVERSION = YES;
				CLANG_WARN_DEPRECATED_OBJC_IMPLEMENTATIONS = YES;
				CLANG_WARN_DIRECT_OBJC_ISA_USAGE = YES_ERROR;
				CLANG_WARN_DOCUMENTATION_COMMENTS = YES;
				CLANG_WARN_EMPTY_BODY = YES;
				CLANG_WARN_ENUM_CONVERSION = YES;
				CLANG_WARN_INFINITE_RECURSION = YES;
				CLANG_WARN_INT_CONVERSION = YES;
				CLANG_WARN_NON_LITERAL_NULL_CONVERSION = YES;
				CLANG_WARN_OBJC_IMPLICIT_RETAIN_SELF = YES;
				CLANG_WARN_OBJC_LITERAL_CONVERSION = YES;
				CLANG_WARN_OBJC_ROOT_CLASS = YES_ERROR;
				CLANG_WARN_QUOTED_INCLUDE_IN_FRAMEWORK_HEADER = YES;
				CLANG_WARN_RANGE_LOOP_ANALYSIS = YES;
				CLANG_WARN_STRICT_PROTOTYPES = YES;
				CLANG_WARN_SUSPICIOUS_MOVE = YES;
				CLANG_WARN_UNGUARDED_AVAILABILITY = YES_AGGRESSIVE;
				CLANG_WARN_UNREACHABLE_CODE = YES;
				CLANG_WARN__DUPLICATE_METHOD_MATCH = YES;
				COPY_PHASE_STRIP = NO;
				DEAD_CODE_STRIPPING = YES;
				DEBUG_INFORMATION_FORMAT = "dwarf-with-dsym";
				ENABLE_NS_ASSERTIONS = NO;
				ENABLE_STRICT_OBJC_MSGSEND = YES;
				ENABLE_USER_SCRIPT_SANDBOXING = YES;
				GCC_C_LANGUAGE_STANDARD = gnu11;
				GCC_NO_COMMON_BLOCKS = YES;
				GCC_WARN_64_TO_32_BIT_CONVERSION = YES;
				GCC_WARN_ABOUT_RETURN_TYPE = YES_ERROR;
				GCC_WARN_UNDECLARED_SELECTOR = YES;
				GCC_WARN_UNINITIALIZED_AUTOS = YES_AGGRESSIVE;
				GCC_WARN_UNUSED_FUNCTION = YES;
				GCC_WARN_UNUSED_VARIABLE = YES;
				MTL_ENABLE_DEBUG_INFO = NO;
				MTL_FAST_MATH = YES;
				SDKROOT = macosx;
				STRING_CATALOG_GENERATE_SYMBOLS = YES;
				SWIFT_COMPILATION_MODE = wholemodule;
				SWIFT_OPTIMIZATION_LEVEL = "-O";
			};
			name = Release;
		};
		7166833A2A767E6B006ABF84 /* Debug */ = {
			isa = XCBuildConfiguration;
			buildSettings = {
				ASSETCATALOG_COMPILER_APPICON_NAME = AppIcon;
				ASSETCATALOG_COMPILER_GLOBAL_ACCENT_COLOR_NAME = AccentColor;
				CODE_SIGN_ENTITLEMENTS = Barline/Barline.entitlements;
				COMBINE_HIDPI_IMAGES = YES;
					CURRENT_PROJECT_VERSION = 125;
				DEAD_CODE_STRIPPING = YES;
				DEVELOPMENT_ASSET_PATHS = "";
				ENABLE_APP_SANDBOX = NO;
				ENABLE_HARDENED_RUNTIME = YES;
				ENABLE_PREVIEWS = YES;
				ENABLE_USER_SCRIPT_SANDBOXING = NO;
				ENABLE_USER_SELECTED_FILES = readwrite;
				GENERATE_INFOPLIST_FILE = YES;
				INFOPLIST_FILE = Barline/Resources/Info.plist;
				INFOPLIST_KEY_LSApplicationCategoryType = "public.app-category.utilities";
				INFOPLIST_KEY_LSUIElement = YES;
				LD_RUNPATH_SEARCH_PATHS = (
					"$(inherited)",
					"@executable_path/../Frameworks",
				);
					MARKETING_VERSION = 1.0.48;
				PRODUCT_BUNDLE_IDENTIFIER = "$(BARLINE_APP_BUNDLE_IDENTIFIER)";
				PRODUCT_NAME = "$(TARGET_NAME)";
				SWIFT_EMIT_LOC_STRINGS = YES;
			};
			name = Debug;
		};
		7166833B2A767E6B006ABF84 /* Release */ = {
			isa = XCBuildConfiguration;
			buildSettings = {
				ASSETCATALOG_COMPILER_APPICON_NAME = AppIcon;
				ASSETCATALOG_COMPILER_GLOBAL_ACCENT_COLOR_NAME = AccentColor;
				CODE_SIGN_ENTITLEMENTS = Barline/Barline.entitlements;
				COMBINE_HIDPI_IMAGES = YES;
					CURRENT_PROJECT_VERSION = 125;
				DEAD_CODE_STRIPPING = YES;
				DEVELOPMENT_ASSET_PATHS = "";
				ENABLE_APP_SANDBOX = NO;
				ENABLE_HARDENED_RUNTIME = YES;
				ENABLE_PREVIEWS = YES;
				ENABLE_USER_SCRIPT_SANDBOXING = NO;
				ENABLE_USER_SELECTED_FILES = readwrite;
				GENERATE_INFOPLIST_FILE = YES;
				INFOPLIST_FILE = Barline/Resources/Info.plist;
				INFOPLIST_KEY_LSApplicationCategoryType = "public.app-category.utilities";
				INFOPLIST_KEY_LSUIElement = YES;
				LD_RUNPATH_SEARCH_PATHS = (
					"$(inherited)",
					"@executable_path/../Frameworks",
				);
					MARKETING_VERSION = 1.0.48;
				PRODUCT_BUNDLE_IDENTIFIER = "$(BARLINE_APP_BUNDLE_IDENTIFIER)";
				PRODUCT_NAME = "$(TARGET_NAME)";
				PROVISIONING_PROFILE_SPECIFIER = "$(BARLINE_APP_PROVISIONING_PROFILE_SPECIFIER)";
				SWIFT_EMIT_LOC_STRINGS = YES;
			};
			name = Release;
		};
		7188A68E2E27F9ED008F131D /* Debug */ = {
			isa = XCBuildConfiguration;
			buildSettings = {
				COMBINE_HIDPI_IMAGES = YES;
					CURRENT_PROJECT_VERSION = 125;
				ENABLE_APP_SANDBOX = NO;
				ENABLE_HARDENED_RUNTIME = YES;
				GCC_C_LANGUAGE_STANDARD = gnu17;
				GENERATE_INFOPLIST_FILE = YES;
				INFOPLIST_FILE = BarlineMenuService/Resources/Info.plist;
				LOCALIZATION_PREFERS_STRING_CATALOGS = YES;
					MARKETING_VERSION = 1.0.48;
				PRODUCT_BUNDLE_IDENTIFIER = "$(BARLINE_MENU_SERVICE_BUNDLE_IDENTIFIER)";
				PRODUCT_NAME = "$(TARGET_NAME)";
				REGISTER_APP_GROUPS = YES;
				SKIP_INSTALL = YES;
				STRING_CATALOG_GENERATE_SYMBOLS = YES;
				SWIFT_ACTIVE_COMPILATION_CONDITIONS = "DEBUG $(inherited)";
				SWIFT_APPROACHABLE_CONCURRENCY = YES;
				SWIFT_OBJC_BRIDGING_HEADER = "BarlineMenuService/BarlineMenuService-Bridging-Header.h";
				SWIFT_EMIT_LOC_STRINGS = YES;
				SWIFT_UPCOMING_FEATURE_MEMBER_IMPORT_VISIBILITY = YES;
			};
			name = Debug;
		};
		7188A68F2E27F9ED008F131D /* Release */ = {
			isa = XCBuildConfiguration;
			buildSettings = {
				COMBINE_HIDPI_IMAGES = YES;
					CURRENT_PROJECT_VERSION = 125;
				ENABLE_APP_SANDBOX = NO;
				ENABLE_HARDENED_RUNTIME = YES;
				GCC_C_LANGUAGE_STANDARD = gnu17;
				GENERATE_INFOPLIST_FILE = YES;
				INFOPLIST_FILE = BarlineMenuService/Resources/Info.plist;
				LOCALIZATION_PREFERS_STRING_CATALOGS = YES;
					MARKETING_VERSION = 1.0.48;
				PRODUCT_BUNDLE_IDENTIFIER = "$(BARLINE_MENU_SERVICE_BUNDLE_IDENTIFIER)";
				PRODUCT_NAME = "$(TARGET_NAME)";
				REGISTER_APP_GROUPS = YES;
				SKIP_INSTALL = YES;
				STRING_CATALOG_GENERATE_SYMBOLS = YES;
				SWIFT_APPROACHABLE_CONCURRENCY = YES;
				SWIFT_OBJC_BRIDGING_HEADER = "BarlineMenuService/BarlineMenuService-Bridging-Header.h";
				SWIFT_EMIT_LOC_STRINGS = YES;
				SWIFT_UPCOMING_FEATURE_MEMBER_IMPORT_VISIBILITY = YES;
			};
			name = Release;
		};
/* End XCBuildConfiguration section */

/* Begin XCConfigurationList section */
		BA4C80010000000000000001 /* Build configuration list for PBXNativeTarget "BarlineIntents" */ = {isa = XCConfigurationList; buildConfigurations = (BA4C81010000000000000001 /* Debug */, BA4C81020000000000000001 /* Release */, ); defaultConfigurationIsVisible = 0; defaultConfigurationName = Release; };
		BA4C80020000000000000001 /* Build configuration list for PBXNativeTarget "BarlineFixture" */ = {isa = XCConfigurationList; buildConfigurations = (BA4C81030000000000000001 /* Debug */, BA4C81040000000000000001 /* Release */, ); defaultConfigurationIsVisible = 0; defaultConfigurationName = Release; };
		BA4C80030000000000000001 /* Build configuration list for PBXNativeTarget "BarlineTests" */ = {isa = XCConfigurationList; buildConfigurations = (BA4C81050000000000000001 /* Debug */, BA4C81060000000000000001 /* Release */, ); defaultConfigurationIsVisible = 0; defaultConfigurationName = Release; };
		BA4C80040000000000000001 /* Build configuration list for PBXNativeTarget "BarlineIntegrationTests" */ = {isa = XCConfigurationList; buildConfigurations = (BA4C81070000000000000001 /* Debug */, BA4C81080000000000000001 /* Release */, ); defaultConfigurationIsVisible = 0; defaultConfigurationName = Release; };
		BA4C80050000000000000001 /* Build configuration list for PBXNativeTarget "BarlineUITests" */ = {isa = XCConfigurationList; buildConfigurations = (BA4C81090000000000000001 /* Debug */, BA4C810A0000000000000001 /* Release */, ); defaultConfigurationIsVisible = 0; defaultConfigurationName = Release; };
		716683252A767E6A006ABF84 /* Build configuration list for PBXProject "Barline" */ = {
			isa = XCConfigurationList;
			buildConfigurations = (
				716683372A767E6B006ABF84 /* Debug */,
				716683382A767E6B006ABF84 /* Release */,
			);
			defaultConfigurationIsVisible = 0;
			defaultConfigurationName = Release;
		};
		716683392A767E6B006ABF84 /* Build configuration list for PBXNativeTarget "Barline" */ = {
			isa = XCConfigurationList;
			buildConfigurations = (
				7166833A2A767E6B006ABF84 /* Debug */,
				7166833B2A767E6B006ABF84 /* Release */,
			);
			defaultConfigurationIsVisible = 0;
			defaultConfigurationName = Release;
		};
		7188A6902E27F9ED008F131D /* Build configuration list for PBXNativeTarget "BarlineMenuService" */ = {
			isa = XCConfigurationList;
			buildConfigurations = (
				7188A68E2E27F9ED008F131D /* Debug */,
				7188A68F2E27F9ED008F131D /* Release */,
			);
			defaultConfigurationIsVisible = 0;
			defaultConfigurationName = Release;
		};
/* End XCConfigurationList section */

/* Begin XCLocalSwiftPackageReference section */
		BA0000010000000000000010 /* XCLocalSwiftPackageReference "BarlineCore" */ = {
			isa = XCLocalSwiftPackageReference;
			relativePath = BarlineCore;
		};
/* End XCLocalSwiftPackageReference section */

/* Begin XCRemoteSwiftPackageReference section */
		170423D72B56DE78004A2549 /* XCRemoteSwiftPackageReference "Sparkle" */ = {
			isa = XCRemoteSwiftPackageReference;
			repositoryURL = "https://github.com/sparkle-project/Sparkle";
			requirement = {
				kind = upToNextMajorVersion;
				minimumVersion = 2.9.6;
			};
		};
		1750618F2B1543DD003144CD /* XCRemoteSwiftPackageReference "LaunchAtLogin-Modern" */ = {
			isa = XCRemoteSwiftPackageReference;
			repositoryURL = "https://github.com/sindresorhus/LaunchAtLogin-Modern";
			requirement = {
				kind = upToNextMajorVersion;
				minimumVersion = 1.0.0;
			};
		};
		1787C4252B16890B002F50DF /* XCRemoteSwiftPackageReference "AXSwift" */ = {
			isa = XCRemoteSwiftPackageReference;
			repositoryURL = "https://github.com/tmandry/AXSwift";
			requirement = {
				kind = upToNextMajorVersion;
				minimumVersion = 0.3.2;
			};
		};
		17F71BB32B880B4500905CBA /* XCRemoteSwiftPackageReference "CompactSlider" */ = {
			isa = XCRemoteSwiftPackageReference;
			repositoryURL = "https://github.com/buh/CompactSlider";
			requirement = {
				kind = upToNextMajorVersion;
				minimumVersion = 2.1.0;
			};
		};
/* End XCRemoteSwiftPackageReference section */

/* Begin XCSwiftPackageProductDependency section */
		BA4C90010000000000000001 /* BarlineCore */ = {isa = XCSwiftPackageProductDependency; package = BA0000010000000000000010 /* XCLocalSwiftPackageReference "BarlineCore" */; productName = BarlineCore; };
		BA4C90020000000000000001 /* BarlineCore */ = {isa = XCSwiftPackageProductDependency; package = BA0000010000000000000010 /* XCLocalSwiftPackageReference "BarlineCore" */; productName = BarlineCore; };
		BA0000010000000000000011 /* BarlineCore */ = {
			isa = XCSwiftPackageProductDependency;
			package = BA0000010000000000000010 /* XCLocalSwiftPackageReference "BarlineCore" */;
			productName = BarlineCore;
		};
		BA0000010000000000000012 /* BarlineCore */ = {
			isa = XCSwiftPackageProductDependency;
			package = BA0000010000000000000010 /* XCLocalSwiftPackageReference "BarlineCore" */;
			productName = BarlineCore;
		};
		170423D82B56DE78004A2549 /* Sparkle */ = {
			isa = XCSwiftPackageProductDependency;
			package = 170423D72B56DE78004A2549 /* XCRemoteSwiftPackageReference "Sparkle" */;
			productName = Sparkle;
		};
		175061902B1543DD003144CD /* LaunchAtLogin */ = {
			isa = XCSwiftPackageProductDependency;
			package = 1750618F2B1543DD003144CD /* XCRemoteSwiftPackageReference "LaunchAtLogin-Modern" */;
			productName = LaunchAtLogin;
		};
		1787C4262B16890B002F50DF /* AXSwift */ = {
			isa = XCSwiftPackageProductDependency;
			package = 1787C4252B16890B002F50DF /* XCRemoteSwiftPackageReference "AXSwift" */;
			productName = AXSwift;
		};
		17F71BB42B880B4500905CBA /* CompactSlider */ = {
			isa = XCSwiftPackageProductDependency;
			package = 17F71BB32B880B4500905CBA /* XCRemoteSwiftPackageReference "CompactSlider" */;
			productName = CompactSlider;
		};
		7168EE522E281CBC00FF9830 /* AXSwift */ = {
			isa = XCSwiftPackageProductDependency;
			package = 1787C4252B16890B002F50DF /* XCRemoteSwiftPackageReference "AXSwift" */;
			productName = AXSwift;
		};
/* End XCSwiftPackageProductDependency section */
	};
	rootObject = 716683222A767E6A006ABF84 /* Project object */;
}
